
Microsoft Visual Studio Solution File, Format Version 12.00
# Visual Studio Version 17
VisualStudioVersion = 17.7.34031.279
MinimumVisualStudioVersion = 10.0.40219.1
Project("{9A19103F-16F7-4668-BE54-9A1E7A4F7556}") = "Demo.Api", "Demo\Demo.Api.csproj", "{E65506AF-0A4F-44B3-91DE-6F679032F9B9}"
EndProject
Project("{9A19103F-16F7-4668-BE54-9A1E7A4F7556}") = "Transport", "Transport\Transport.csproj", "{E31DD90F-00C9-4047-A14B-351129E84AA8}"
EndProject
Project("{9A19103F-16F7-4668-BE54-9A1E7A4F7556}") = "Shop", "Shop\Shop.csproj", "{61ED9762-2954-4C8A-AD2D-D027BF042F53}"
EndProject
Project("{9A19103F-16F7-4668-BE54-9A1E7A4F7556}") = "Demo.Application", "Demo.Application\Demo.Application.csproj", "{B0F1F431-1D35-4671-8E42-3CEDFF99DABD}"
EndProject
Project("{9A19103F-16F7-4668-BE54-9A1E7A4F7556}") = "Demo.Infrastructure", "Demo.Infrastructure\Demo.Infrastructure.csproj", "{356FB771-D504-4A57-A5EF-2A5A054509A9}"
EndProject
Global
	GlobalSection(SolutionConfigurationPlatforms) = preSolution
		Debug|Any CPU = Debug|Any CPU
		Release|Any CPU = Release|Any CPU
	EndGlobalSection
	GlobalSection(ProjectConfigurationPlatforms) = postSolution
		{E65506AF-0A4F-44B3-91DE-6F679032F9B9}.Debug|Any CPU.ActiveCfg = Debug|Any CPU
		{E65506AF-0A4F-44B3-91DE-6F679032F9B9}.Debug|Any CPU.Build.0 = Debug|Any CPU
		{E65506AF-0A4F-44B3-91DE-6F679032F9B9}.Release|Any CPU.ActiveCfg = Release|Any CPU
		{E65506AF-0A4F-44B3-91DE-6F679032F9B9}.Release|Any CPU.Build.0 = Release|Any CPU
		{E31DD90F-00C9-4047-A14B-351129E84AA8}.Debug|Any CPU.ActiveCfg = Debug|Any CPU
		{E31DD90F-00C9-4047-A14B-351129E84AA8}.Debug|Any CPU.Build.0 = Debug|Any CPU
		{E31DD90F-00C9-4047-A14B-351129E84AA8}.Release|Any CPU.ActiveCfg = Release|Any CPU
		{E31DD90F-00C9-4047-A14B-351129E84AA8}.Release|Any CPU.Build.0 = Release|Any CPU
		{61ED9762-2954-4C8A-AD2D-D027BF042F53}.Debug|Any CPU.ActiveCfg = Debug|Any CPU
		{61ED9762-2954-4C8A-AD2D-D027BF042F53}.Debug|Any CPU.Build.0 = Debug|Any CPU
		{61ED9762-2954-4C8A-AD2D-D027BF042F53}.Release|Any CPU.ActiveCfg = Release|Any CPU
		{61ED9762-2954-4C8A-AD2D-D027BF042F53}.Release|Any CPU.Build.0 = Release|Any CPU
		{B0F1F431-1D35-4671-8E42-3CEDFF99DABD}.Debug|Any CPU.ActiveCfg = Debug|Any CPU
		{B0F1F431-1D35-4671-8E42-3CEDFF99DABD}.Debug|Any CPU.Build.0 = Debug|Any CPU
		{B0F1F431-1D35-4671-8E42-3CEDFF99DABD}.Release|Any CPU.ActiveCfg = Release|Any CPU
		{B0F1F431-1D35-4671-8E42-3CEDFF99DABD}.Release|Any CPU.Build.0 = Release|Any CPU
		{356FB771-D504-4A57-A5EF-2A5A054509A9}.Debug|Any CPU.ActiveCfg = Debug|Any CPU
		{356FB771-D504-4A57-A5EF-2A5A054509A9}.Debug|Any CPU.Build.0 = Debug|Any CPU
		{356FB771-D504-4A57-A5EF-2A5A054509A9}.Release|Any CPU.ActiveCfg = Release|Any CPU
		{356FB771-D504-4A57-A5EF-2A5A054509A9}.Release|Any CPU.Build.0 = Release|Any CPU
	EndGlobalSection
	GlobalSection(SolutionProperties) = preSolution
		HideSolutionNode = FALSE
	EndGlobalSection
	GlobalSection(ExtensibilityGlobals) = postSolution
		SolutionGuid = {C6A1F391-2CE6-4372-8077-B924D7AB469F}
	EndGlobalSection
EndGlobal
